
Microsoft Visual Studio Solution File, Format Version 12.00
# Visual Studio Version 16
VisualStudioVersion = 16.0.31112.23
MinimumVisualStudioVersion = 10.0.40219.1
Project("{FAE04EC0-301F-11D3-BF4B-00C04F79EFBC}") = "Facturacion", "Facturacion\Facturacion.csproj", "{54F9D5D1-6728-4F74-B13F-63704CB0F553}"
EndProject
Global
	GlobalSection(SolutionConfigurationPlatforms) = preSolution
		Debug|Any CPU = Debug|Any CPU
		Release|Any CPU = Release|Any CPU
	EndGlobalSection
	GlobalSection(ProjectConfigurationPlatforms) = postSolution
		{54F9D5D1-6728-4F74-B13F-63704CB0F553}.Debug|Any CPU.ActiveCfg = Debug|Any CPU
		{54F9D5D1-6728-4F74-B13F-63704CB0F553}.Debug|Any CPU.Build.0 = Debug|Any CPU
		{54F9D5D1-6728-4F74-B13F-63704CB0F553}.Release|Any CPU.ActiveCfg = Release|Any CPU
		{54F9D5D1-6728-4F74-B13F-63704CB0F553}.Release|Any CPU.Build.0 = Release|Any CPU
	EndGlobalSection
	GlobalSection(SolutionProperties) = preSolution
		HideSolutionNode = FALSE
	EndGlobalSection
	GlobalSection(ExtensibilityGlobals) = postSolution
		SolutionGuid = {3D0EA7A4-82A9-4629-A5EE-6AB248E27998}
	EndGlobalSection
EndGlobal
